
Microsoft Visual Studio Solution File, Format Version 12.00
# Visual Studio 14
VisualStudioVersion = 14.0.25420.1
MinimumVisualStudioVersion = 10.0.40219.1
Project("{FAE04EC0-301F-11D3-BF4B-00C04F79EFBC}") = "POC.Data", "POC.Data\POC.Data.csproj", "{642E7E1B-D49F-469F-8D81-54299F28D439}"
EndProject
Project("{FAE04EC0-301F-11D3-BF4B-00C04F79EFBC}") = "POC.Testing", "POC.Testing\POC.Testing.csproj", "{6A78A17B-C432-43B0-A873-1FBF0068BDA9}"
EndProject
Global
	GlobalSection(SolutionConfigurationPlatforms) = preSolution
		Debug|Any CPU = Debug|Any CPU
		Release|Any CPU = Release|Any CPU
	EndGlobalSection
	GlobalSection(ProjectConfigurationPlatforms) = postSolution
		{642E7E1B-D49F-469F-8D81-54299F28D439}.Debug|Any CPU.ActiveCfg = Debug|Any CPU
		{642E7E1B-D49F-469F-8D81-54299F28D439}.Debug|Any CPU.Build.0 = Debug|Any CPU
		{642E7E1B-D49F-469F-8D81-54299F28D439}.Release|Any CPU.ActiveCfg = Release|Any CPU
		{642E7E1B-D49F-469F-8D81-54299F28D439}.Release|Any CPU.Build.0 = Release|Any CPU
		{6A78A17B-C432-43B0-A873-1FBF0068BDA9}.Debug|Any CPU.ActiveCfg = Debug|Any CPU
		{6A78A17B-C432-43B0-A873-1FBF0068BDA9}.Debug|Any CPU.Build.0 = Debug|Any CPU
		{6A78A17B-C432-43B0-A873-1FBF0068BDA9}.Release|Any CPU.ActiveCfg = Release|Any CPU
		{6A78A17B-C432-43B0-A873-1FBF0068BDA9}.Release|Any CPU.Build.0 = Release|Any CPU
	EndGlobalSection
	GlobalSection(SolutionProperties) = preSolution
		HideSolutionNode = FALSE
	EndGlobalSection
EndGlobal
